
Microsoft Visual Studio Solution File, Format Version 12.00
# Visual Studio Version 16
VisualStudioVersion = 16.0.35325.158
MinimumVisualStudioVersion = 10.0.40219.1
Project("{FAE04EC0-301F-11D3-BF4B-00C04F79EFBC}") = "Lab 12 dodawanie", "Lab 12 dodawanie.csproj", "{779822F9-8FFF-4AAA-A8C3-226AD3113C9B}"
EndProject
Global
	GlobalSection(SolutionConfigurationPlatforms) = preSolution
		Debug|Any CPU = Debug|Any CPU
		Release|Any CPU = Release|Any CPU
	EndGlobalSection
	GlobalSection(ProjectConfigurationPlatforms) = postSolution
		{779822F9-8FFF-4AAA-A8C3-226AD3113C9B}.Debug|Any CPU.ActiveCfg = Debug|Any CPU
		{779822F9-8FFF-4AAA-A8C3-226AD3113C9B}.Debug|Any CPU.Build.0 = Debug|Any CPU
		{779822F9-8FFF-4AAA-A8C3-226AD3113C9B}.Release|Any CPU.ActiveCfg = Release|Any CPU
		{779822F9-8FFF-4AAA-A8C3-226AD3113C9B}.Release|Any CPU.Build.0 = Release|Any CPU
	EndGlobalSection
	GlobalSection(SolutionProperties) = preSolution
		HideSolutionNode = FALSE
	EndGlobalSection
	GlobalSection(ExtensibilityGlobals) = postSolution
		SolutionGuid = {BEF9BBCD-1CD3-45A4-AB15-8D4E601BE886}
	EndGlobalSection
EndGlobal
